
Microsoft Visual Studio Solution File, Format Version 11.00
# Visual Studio 2010
Project("{8BC9CEB8-8B4A-11D0-8D11-00A0C91BC942}") = "DataAnalysis", "DataAnalysis\DataAnalysis.vcxproj", "{424A6505-C89D-49CA-BF5F-5E716374B32C}"
EndProject
Global
	GlobalSection(SolutionConfigurationPlatforms) = preSolution
		Debug|Win32 = Debug|Win32
		Release|Win32 = Release|Win32
	EndGlobalSection
	GlobalSection(ProjectConfigurationPlatforms) = postSolution
		{424A6505-C89D-49CA-BF5F-5E716374B32C}.Debug|Win32.ActiveCfg = Debug|Win32
		{424A6505-C89D-49CA-BF5F-5E716374B32C}.Debug|Win32.Build.0 = Debug|Win32
		{424A6505-C89D-49CA-BF5F-5E716374B32C}.Release|Win32.ActiveCfg = Release|Win32
		{424A6505-C89D-49CA-BF5F-5E716374B32C}.Release|Win32.Build.0 = Release|Win32
	EndGlobalSection
	GlobalSection(SolutionProperties) = preSolution
		HideSolutionNode = FALSE
	EndGlobalSection
EndGlobal
